
Microsoft Visual Studio Solution File, Format Version 12.00
# Visual Studio Version 17
VisualStudioVersion = 17.13.35828.75
MinimumVisualStudioVersion = 10.0.40219.1
Project("{FAE04EC0-301F-11D3-BF4B-00C04F79EFBC}") = "CsharpAllcode", "CsharpAllcode\CsharpAllcode.csproj", "{108CFDA3-9C1E-7F62-9763-A816A9F68695}"
EndProject
Project("{FAE04EC0-301F-11D3-BF4B-00C04F79EFBC}") = "userinput", "userinput\userinput.csproj", "{9F16A524-151E-8DD7-5687-91E9C50267A2}"
EndProject
Project("{FAE04EC0-301F-11D3-BF4B-00C04F79EFBC}") = "array", "array\array.csproj", "{2B853D7A-6596-4611-9BA9-FDCE914731C7}"
EndProject
Global
	GlobalSection(SolutionConfigurationPlatforms) = preSolution
		Debug|Any CPU = Debug|Any CPU
		Release|Any CPU = Release|Any CPU
	EndGlobalSection
	GlobalSection(ProjectConfigurationPlatforms) = postSolution
		{108CFDA3-9C1E-7F62-9763-A816A9F68695}.Debug|Any CPU.ActiveCfg = Debug|Any CPU
		{108CFDA3-9C1E-7F62-9763-A816A9F68695}.Debug|Any CPU.Build.0 = Debug|Any CPU
		{108CFDA3-9C1E-7F62-9763-A816A9F68695}.Release|Any CPU.ActiveCfg = Release|Any CPU
		{108CFDA3-9C1E-7F62-9763-A816A9F68695}.Release|Any CPU.Build.0 = Release|Any CPU
		{9F16A524-151E-8DD7-5687-91E9C50267A2}.Debug|Any CPU.ActiveCfg = Debug|Any CPU
		{9F16A524-151E-8DD7-5687-91E9C50267A2}.Debug|Any CPU.Build.0 = Debug|Any CPU
		{9F16A524-151E-8DD7-5687-91E9C50267A2}.Release|Any CPU.ActiveCfg = Release|Any CPU
		{9F16A524-151E-8DD7-5687-91E9C50267A2}.Release|Any CPU.Build.0 = Release|Any CPU
		{2B853D7A-6596-4611-9BA9-FDCE914731C7}.Debug|Any CPU.ActiveCfg = Debug|Any CPU
		{2B853D7A-6596-4611-9BA9-FDCE914731C7}.Debug|Any CPU.Build.0 = Debug|Any CPU
		{2B853D7A-6596-4611-9BA9-FDCE914731C7}.Release|Any CPU.ActiveCfg = Release|Any CPU
		{2B853D7A-6596-4611-9BA9-FDCE914731C7}.Release|Any CPU.Build.0 = Release|Any CPU
	EndGlobalSection
	GlobalSection(SolutionProperties) = preSolution
		HideSolutionNode = FALSE
	EndGlobalSection
	GlobalSection(ExtensibilityGlobals) = postSolution
		SolutionGuid = {305A0C5C-1DC7-49AA-AACC-0C222AEA6F7A}
	EndGlobalSection
EndGlobal
